github.com/gotk3/gotk3 v0.5.0 h1:GOkq4cFgAfeK6YAukLi64bz8zPayZKeCSSRr4mcFReQ=
github.com/gotk3/gotk3 v0.5.0/go.mod h1:/hqFpkNa9T3JgNAE2fLvCdov7c5bw//FHNZrZ3Uv9/Q=
github.com/hegedustibor/htgo-tts v0.0.0-20201020054059-2b0b3a7cc05a h1:+eKoXgID66ADqttZxaCqvV92AK1DRwpGb4Igr6/Sqko=
github.com/hegedustibor/htgo-tts v0.0.0-20201020054059-2b0b3a7cc05a/go.mod h1:RMCXb2VPY7VmPHclIib3rBrcDTJuOUlVnQwp8iBJNTo=
github.com/mattn/go-gtk v0.0.0-20191030024613-af2e013261f5 h1:GMB3MVJnxysGrSvjWGsgK8L3XGI3F4etQQq37Py6W5A=
github.com/mattn/go-gtk v0.0.0-20191030024613-af2e013261f5/go.mod h1:PwzwfeB5syFHXORC3MtPylVcjIoTDT/9cvkKpEndGVI=
github.com/mattn/go-pointer v0.0.1 h1:n+XhsuGeVO6MEAp7xyEukFINEa+Quek5psIR/ylA6o0=
github.com/mattn/go-pointer v0.0.1/go.mod h1:2zXcozF6qYGgmsG+SeTZz3oAbFLdD3OWqnUbNvJZAlc=
